
Microsoft Visual Studio Solution File, Format Version 12.00
# Visual Studio Version 17
VisualStudioVersion = 17.3.32804.467
MinimumVisualStudioVersion = 10.0.40219.1
Project("{FAE04EC0-301F-11D3-BF4B-00C04F79EFBC}") = "OOP-11_Interface_Segregation", "OOP-11_Interface_Segregation.csproj", "{01C79322-401E-47AA-A2C0-C1307A219E51}"
EndProject
Global
	GlobalSection(SolutionConfigurationPlatforms) = preSolution
		Debug|Any CPU = Debug|Any CPU
		Release|Any CPU = Release|Any CPU
	EndGlobalSection
	GlobalSection(ProjectConfigurationPlatforms) = postSolution
		{01C79322-401E-47AA-A2C0-C1307A219E51}.Debug|Any CPU.ActiveCfg = Debug|Any CPU
		{01C79322-401E-47AA-A2C0-C1307A219E51}.Debug|Any CPU.Build.0 = Debug|Any CPU
		{01C79322-401E-47AA-A2C0-C1307A219E51}.Release|Any CPU.ActiveCfg = Release|Any CPU
		{01C79322-401E-47AA-A2C0-C1307A219E51}.Release|Any CPU.Build.0 = Release|Any CPU
	EndGlobalSection
	GlobalSection(SolutionProperties) = preSolution
		HideSolutionNode = FALSE
	EndGlobalSection
	GlobalSection(ExtensibilityGlobals) = postSolution
		SolutionGuid = {D6D1C3FB-4DE3-4580-B711-5BEDA658F541}
	EndGlobalSection
EndGlobal
